
Microsoft Visual Studio Solution File, Format Version 12.00
# Visual Studio Version 16
VisualStudioVersion = 16.0.29806.167
MinimumVisualStudioVersion = 10.0.40219.1
Project("{9A19103F-16F7-4668-BE54-9A1E7A4F7556}") = "WebUI", "src\WebUI\WebUI.csproj", "{E4999B61-D140-4972-A2C0-6E8C94893969}"
EndProject
Project("{2150E333-8FDC-42A3-9474-1A3956D46DE8}") = "src", "src", "{B5BA3BC0-9828-4FD0-B6D3-E03CE0CF2AB0}"
EndProject
Project("{2150E333-8FDC-42A3-9474-1A3956D46DE8}") = "Solution Items", "Solution Items", "{8B26543F-CBFB-4EC1-B664-B1707AF4F2C2}"
	ProjectSection(SolutionItems) = preProject
		LICENSE = LICENSE
	EndProjectSection
EndProject
Project("{FAE04EC0-301F-11D3-BF4B-00C04F79EFBC}") = "Application", "src\Application\Application.csproj", "{AA135ADD-BB93-4D59-B882-82A10C624895}"
EndProject
Project("{FAE04EC0-301F-11D3-BF4B-00C04F79EFBC}") = "Domain", "src\Domain\Domain.csproj", "{71613409-1AB7-4EB8-8582-CFA0750E5567}"
EndProject
Project("{FAE04EC0-301F-11D3-BF4B-00C04F79EFBC}") = "Infrastructure", "src\Infrastructure\Infrastructure.csproj", "{1290B998-A9B4-43FF-A526-BCC23E6C6B18}"
EndProject
Global
	GlobalSection(SolutionConfigurationPlatforms) = preSolution
		Debug|Any CPU = Debug|Any CPU
		Release|Any CPU = Release|Any CPU
	EndGlobalSection
	GlobalSection(ProjectConfigurationPlatforms) = postSolution
		{E4999B61-D140-4972-A2C0-6E8C94893969}.Debug|Any CPU.ActiveCfg = Debug|Any CPU
		{E4999B61-D140-4972-A2C0-6E8C94893969}.Debug|Any CPU.Build.0 = Debug|Any CPU
		{E4999B61-D140-4972-A2C0-6E8C94893969}.Release|Any CPU.ActiveCfg = Release|Any CPU
		{E4999B61-D140-4972-A2C0-6E8C94893969}.Release|Any CPU.Build.0 = Release|Any CPU
		{AA135ADD-BB93-4D59-B882-82A10C624895}.Debug|Any CPU.ActiveCfg = Debug|Any CPU
		{AA135ADD-BB93-4D59-B882-82A10C624895}.Debug|Any CPU.Build.0 = Debug|Any CPU
		{AA135ADD-BB93-4D59-B882-82A10C624895}.Release|Any CPU.ActiveCfg = Release|Any CPU
		{AA135ADD-BB93-4D59-B882-82A10C624895}.Release|Any CPU.Build.0 = Release|Any CPU
		{71613409-1AB7-4EB8-8582-CFA0750E5567}.Debug|Any CPU.ActiveCfg = Debug|Any CPU
		{71613409-1AB7-4EB8-8582-CFA0750E5567}.Debug|Any CPU.Build.0 = Debug|Any CPU
		{71613409-1AB7-4EB8-8582-CFA0750E5567}.Release|Any CPU.ActiveCfg = Release|Any CPU
		{71613409-1AB7-4EB8-8582-CFA0750E5567}.Release|Any CPU.Build.0 = Release|Any CPU
		{1290B998-A9B4-43FF-A526-BCC23E6C6B18}.Debug|Any CPU.ActiveCfg = Debug|Any CPU
		{1290B998-A9B4-43FF-A526-BCC23E6C6B18}.Debug|Any CPU.Build.0 = Debug|Any CPU
		{1290B998-A9B4-43FF-A526-BCC23E6C6B18}.Release|Any CPU.ActiveCfg = Release|Any CPU
		{1290B998-A9B4-43FF-A526-BCC23E6C6B18}.Release|Any CPU.Build.0 = Release|Any CPU
	EndGlobalSection
	GlobalSection(SolutionProperties) = preSolution
		HideSolutionNode = FALSE
	EndGlobalSection
	GlobalSection(NestedProjects) = preSolution
		{E4999B61-D140-4972-A2C0-6E8C94893969} = {B5BA3BC0-9828-4FD0-B6D3-E03CE0CF2AB0}
		{AA135ADD-BB93-4D59-B882-82A10C624895} = {B5BA3BC0-9828-4FD0-B6D3-E03CE0CF2AB0}
		{71613409-1AB7-4EB8-8582-CFA0750E5567} = {B5BA3BC0-9828-4FD0-B6D3-E03CE0CF2AB0}
		{1290B998-A9B4-43FF-A526-BCC23E6C6B18} = {B5BA3BC0-9828-4FD0-B6D3-E03CE0CF2AB0}
	EndGlobalSection
	GlobalSection(ExtensibilityGlobals) = postSolution
		SolutionGuid = {7BDF4CDE-EE04-4A92-9267-383AECC694FE}
	EndGlobalSection
EndGlobal
